{
    "name": "spire-ui",
    "version": "1.0.0",
    "lockfileVersion": 3,
    "requires": true,
    "packages": {
        "": {
            "name": "spire-ui",
            "version": "1.0.0",
            "license": "MIT",
            "dependencies": {
                "@oddbird/css-anchor-positioning": "^0.6.1",
                "@oddbird/popover-polyfill": "^0.5.0",
                "flag-icons": "^7.2.3"
            },
            "peerDependencies": {
                "alpinejs": "^3.14.0",
                "tailwindcss": "^4.0.0"
            }
        },
        "node_modules/@floating-ui/core": {
            "version": "1.7.3",
            "resolved": "https://registry.npmjs.org/@floating-ui/core/-/core-1.7.3.tgz",
            "integrity": "sha512-sGnvb5dmrJaKEZ+LDIpguvdX3bDlEllmv4/ClQ9awcmCZrlx5jQyyMWFM5kBI+EyNOCDDiKk8il0zeuX3Zlg/w==",
            "license": "MIT",
            "dependencies": {
                "@floating-ui/utils": "^0.2.10"
            }
        },
        "node_modules/@floating-ui/dom": {
            "version": "1.7.4",
            "resolved": "https://registry.npmjs.org/@floating-ui/dom/-/dom-1.7.4.tgz",
            "integrity": "sha512-OOchDgh4F2CchOX94cRVqhvy7b3AFb+/rQXyswmzmGakRfkMgoWVjfnLWkRirfLEfuD4ysVW16eXzwt3jHIzKA==",
            "license": "MIT",
            "dependencies": {
                "@floating-ui/core": "^1.7.3",
                "@floating-ui/utils": "^0.2.10"
            }
        },
        "node_modules/@floating-ui/utils": {
            "version": "0.2.10",
            "resolved": "https://registry.npmjs.org/@floating-ui/utils/-/utils-0.2.10.tgz",
            "integrity": "sha512-aGTxbpbg8/b5JfU1HXSrbH3wXZuLPJcNEcZQFMxLs3oSzgtVu6nFPkbbGGUvBcUjKV2YyB9Wxxabo+HEH9tcRQ==",
            "license": "MIT"
        },
        "node_modules/@oddbird/css-anchor-positioning": {
            "version": "0.6.1",
            "resolved": "https://registry.npmjs.org/@oddbird/css-anchor-positioning/-/css-anchor-positioning-0.6.1.tgz",
            "integrity": "sha512-/M1guQMJROMAFjS0uTmcg93S2X5r0Gwe6m5DqmRrGxNEUe1llmY6/Qw8UuhvexP6yeD+GDCP9CJtXBJS1vS9UQ==",
            "license": "BSD-3-Clause",
            "dependencies": {
                "@floating-ui/dom": "^1.7.1",
                "@types/css-tree": "^2.3.10",
                "css-tree": "^3.1.0",
                "nanoid": "^5.1.5"
            }
        },
        "node_modules/@oddbird/popover-polyfill": {
            "version": "0.5.2",
            "resolved": "https://registry.npmjs.org/@oddbird/popover-polyfill/-/popover-polyfill-0.5.2.tgz",
            "integrity": "sha512-iFrvar5SOMtKFOSjYvs4z9UlLqDdJbMx0mgISLcPedv+g0ac5sgeETLGtipHCVIae6HJPclNEH5aCyD1RZaEHw==",
            "license": "BSD-3-Clause"
        },
        "node_modules/@types/css-tree": {
            "version": "2.3.11",
            "resolved": "https://registry.npmjs.org/@types/css-tree/-/css-tree-2.3.11.tgz",
            "integrity": "sha512-aEokibJOI77uIlqoBOkVbaQGC9zII0A+JH1kcTNKW2CwyYWD8KM6qdo+4c77wD3wZOQfJuNWAr9M4hdk+YhDIg==",
            "license": "MIT"
        },
        "node_modules/@vue/reactivity": {
            "version": "3.1.5",
            "resolved": "https://registry.npmjs.org/@vue/reactivity/-/reactivity-3.1.5.tgz",
            "integrity": "sha512-1tdfLmNjWG6t/CsPldh+foumYFo3cpyCHgBYQ34ylaMsJ+SNHQ1kApMIa8jN+i593zQuaw3AdWH0nJTARzCFhg==",
            "license": "MIT",
            "peer": true,
            "dependencies": {
                "@vue/shared": "3.1.5"
            }
        },
        "node_modules/@vue/shared": {
            "version": "3.1.5",
            "resolved": "https://registry.npmjs.org/@vue/shared/-/shared-3.1.5.tgz",
            "integrity": "sha512-oJ4F3TnvpXaQwZJNF3ZK+kLPHKarDmJjJ6jyzVNDKH9md1dptjC7lWR//jrGuLdek/U6iltWxqAnYOu8gCiOvA==",
            "license": "MIT",
            "peer": true
        },
        "node_modules/alpinejs": {
            "version": "3.15.2",
            "resolved": "https://registry.npmjs.org/alpinejs/-/alpinejs-3.15.2.tgz",
            "integrity": "sha512-2kYF2aG+DTFkE6p0rHG5XmN4VEb6sO9b02aOdU4+i8QN6rL0DbRZQiypDE1gBcGO65yDcqMz5KKYUYgMUxgNkw==",
            "license": "MIT",
            "peer": true,
            "dependencies": {
                "@vue/reactivity": "~3.1.1"
            }
        },
        "node_modules/css-tree": {
            "version": "3.1.0",
            "resolved": "https://registry.npmjs.org/css-tree/-/css-tree-3.1.0.tgz",
            "integrity": "sha512-0eW44TGN5SQXU1mWSkKwFstI/22X2bG1nYzZTYMAWjylYURhse752YgbE4Cx46AC+bAvI+/dYTPRk1LqSUnu6w==",
            "license": "MIT",
            "dependencies": {
                "mdn-data": "2.12.2",
                "source-map-js": "^1.0.1"
            },
            "engines": {
                "node": "^10 || ^12.20.0 || ^14.13.0 || >=15.0.0"
            }
        },
        "node_modules/flag-icons": {
            "version": "7.5.0",
            "resolved": "https://registry.npmjs.org/flag-icons/-/flag-icons-7.5.0.tgz",
            "integrity": "sha512-kd+MNXviFIg5hijH766tt+3x76ele1AXlo4zDdCxIvqWZhKt4T83bOtxUOOMlTx/EcFdUMH5yvQgYlFh1EqqFg==",
            "license": "MIT"
        },
        "node_modules/mdn-data": {
            "version": "2.12.2",
            "resolved": "https://registry.npmjs.org/mdn-data/-/mdn-data-2.12.2.tgz",
            "integrity": "sha512-IEn+pegP1aManZuckezWCO+XZQDplx1366JoVhTpMpBB1sPey/SbveZQUosKiKiGYjg1wH4pMlNgXbCiYgihQA==",
            "license": "CC0-1.0"
        },
        "node_modules/nanoid": {
            "version": "5.1.6",
            "resolved": "https://registry.npmjs.org/nanoid/-/nanoid-5.1.6.tgz",
            "integrity": "sha512-c7+7RQ+dMB5dPwwCp4ee1/iV/q2P6aK1mTZcfr1BTuVlyW9hJYiMPybJCcnBlQtuSmTIWNeazm/zqNoZSSElBg==",
            "funding": [
                {
                    "type": "github",
                    "url": "https://github.com/sponsors/ai"
                }
            ],
            "license": "MIT",
            "bin": {
                "nanoid": "bin/nanoid.js"
            },
            "engines": {
                "node": "^18 || >=20"
            }
        },
        "node_modules/source-map-js": {
            "version": "1.2.1",
            "resolved": "https://registry.npmjs.org/source-map-js/-/source-map-js-1.2.1.tgz",
            "integrity": "sha512-UXWMKhLOwVKb728IUtQPXxfYU+usdybtUrK/8uGE8CQMvrhOpwvzDBwj0QhSL7MQc7vIsISBG8VQ8+IDQxpfQA==",
            "license": "BSD-3-Clause",
            "engines": {
                "node": ">=0.10.0"
            }
        },
        "node_modules/tailwindcss": {
            "version": "4.1.17",
            "resolved": "https://registry.npmjs.org/tailwindcss/-/tailwindcss-4.1.17.tgz",
            "integrity": "sha512-j9Ee2YjuQqYT9bbRTfTZht9W/ytp5H+jJpZKiYdP/bpnXARAuELt9ofP0lPnmHjbga7SNQIxdTAXCmtKVYjN+Q==",
            "license": "MIT",
            "peer": true
        }
    }
}
